
Microsoft Visual Studio Solution File, Format Version 12.00
# Visual Studio Version 17
VisualStudioVersion = 17.12.35527.113
MinimumVisualStudioVersion = 10.0.40219.1
Project("{FAE04EC0-301F-11D3-BF4B-00C04F79EFBC}") = "TitanStudio.Wpf", "TitanStudio.Wpf\TitanStudio.Wpf.csproj", "{2E52B3B2-579A-40E6-B940-5B7B01478846}"
EndProject
Project("{FAE04EC0-301F-11D3-BF4B-00C04F79EFBC}") = "TitanStudio.Core", "TitanStudio.Core\TitanStudio.Core.csproj", "{667EB9BC-0B93-4BBC-8CF9-AA83F1773CB7}"
EndProject
Global
	GlobalSection(SolutionConfigurationPlatforms) = preSolution
		Debug|Any CPU = Debug|Any CPU
		Release|Any CPU = Release|Any CPU
	EndGlobalSection
	GlobalSection(ProjectConfigurationPlatforms) = postSolution
		{2E52B3B2-579A-40E6-B940-5B7B01478846}.Debug|Any CPU.ActiveCfg = Debug|Any CPU
		{2E52B3B2-579A-40E6-B940-5B7B01478846}.Debug|Any CPU.Build.0 = Debug|Any CPU
		{2E52B3B2-579A-40E6-B940-5B7B01478846}.Release|Any CPU.ActiveCfg = Release|Any CPU
		{2E52B3B2-579A-40E6-B940-5B7B01478846}.Release|Any CPU.Build.0 = Release|Any CPU
		{667EB9BC-0B93-4BBC-8CF9-AA83F1773CB7}.Debug|Any CPU.ActiveCfg = Debug|Any CPU
		{667EB9BC-0B93-4BBC-8CF9-AA83F1773CB7}.Debug|Any CPU.Build.0 = Debug|Any CPU
		{667EB9BC-0B93-4BBC-8CF9-AA83F1773CB7}.Release|Any CPU.ActiveCfg = Release|Any CPU
		{667EB9BC-0B93-4BBC-8CF9-AA83F1773CB7}.Release|Any CPU.Build.0 = Release|Any CPU
	EndGlobalSection
	GlobalSection(SolutionProperties) = preSolution
		HideSolutionNode = FALSE
	EndGlobalSection
EndGlobal
